Microsoft Visual Studio Solution File, Format Version 11.00
# Visual Studio 2010
Project("{FAE04EC0-301F-11D3-BF4B-00C04F79EFBC}") = "Assembly-CSharp-firstpass", "Assembly-CSharp-firstpass.csproj", "{69CA251C-4B40-4C27-56D2-790538834B06}"
EndProject
Project("{FAE04EC0-301F-11D3-BF4B-00C04F79EFBC}") = "Assembly-CSharp", "Assembly-CSharp.csproj", "{474F3E81-D4FA-9802-5892-CD4549164AD3}"
EndProject
Project("{FAE04EC0-301F-11D3-BF4B-00C04F79EFBC}") = "Assembly-CSharp-Editor-firstpass", "Assembly-CSharp-Editor-firstpass.csproj", "{50E28F28-5FD3-92FE-4815-479C398842C6}"
EndProject
Project("{FAE04EC0-301F-11D3-BF4B-00C04F79EFBC}") = "Assembly-CSharp-Editor", "Assembly-CSharp-Editor.csproj", "{31CD3A66-5F7C-6F40-416C-EF53A1BDFDDA}"
EndProject
Global
	GlobalSection(SolutionConfigurationPlatforms) = preSolution
		Debug|Any CPU = Debug|Any CPU
		Release|Any CPU = Release|Any CPU
	EndGlobalSection
	GlobalSection(ProjectConfigurationPlatforms) = postSolution
		{69CA251C-4B40-4C27-56D2-790538834B06}.Debug|Any CPU.ActiveCfg = Debug|Any CPU
		{69CA251C-4B40-4C27-56D2-790538834B06}.Debug|Any CPU.Build.0 = Debug|Any CPU
		{69CA251C-4B40-4C27-56D2-790538834B06}.Release|Any CPU.ActiveCfg = Release|Any CPU
		{69CA251C-4B40-4C27-56D2-790538834B06}.Release|Any CPU.Build.0 = Release|Any CPU
		{474F3E81-D4FA-9802-5892-CD4549164AD3}.Debug|Any CPU.ActiveCfg = Debug|Any CPU
		{474F3E81-D4FA-9802-5892-CD4549164AD3}.Debug|Any CPU.Build.0 = Debug|Any CPU
		{474F3E81-D4FA-9802-5892-CD4549164AD3}.Release|Any CPU.ActiveCfg = Release|Any CPU
		{474F3E81-D4FA-9802-5892-CD4549164AD3}.Release|Any CPU.Build.0 = Release|Any CPU
		{50E28F28-5FD3-92FE-4815-479C398842C6}.Debug|Any CPU.ActiveCfg = Debug|Any CPU
		{50E28F28-5FD3-92FE-4815-479C398842C6}.Debug|Any CPU.Build.0 = Debug|Any CPU
		{50E28F28-5FD3-92FE-4815-479C398842C6}.Release|Any CPU.ActiveCfg = Release|Any CPU
		{50E28F28-5FD3-92FE-4815-479C398842C6}.Release|Any CPU.Build.0 = Release|Any CPU
		{31CD3A66-5F7C-6F40-416C-EF53A1BDFDDA}.Debug|Any CPU.ActiveCfg = Debug|Any CPU
		{31CD3A66-5F7C-6F40-416C-EF53A1BDFDDA}.Debug|Any CPU.Build.0 = Debug|Any CPU
		{31CD3A66-5F7C-6F40-416C-EF53A1BDFDDA}.Release|Any CPU.ActiveCfg = Release|Any CPU
		{31CD3A66-5F7C-6F40-416C-EF53A1BDFDDA}.Release|Any CPU.Build.0 = Release|Any CPU
	EndGlobalSection
	GlobalSection(SolutionProperties) = preSolution
		HideSolutionNode = FALSE
	EndGlobalSection
	GlobalSection(MonoDevelopProperties) = preSolution
		StartupItem = Assembly-CSharp.csproj
	EndGlobalSection
EndGlobal
